
Microsoft Visual Studio Solution File, Format Version 12.00
# Visual Studio Version 17
VisualStudioVersion = 17.11.35312.102
MinimumVisualStudioVersion = 10.0.40219.1
Project("{FAE04EC0-301F-11D3-BF4B-00C04F79EFBC}") = "Ejerc-02", "Ejerc-02\Ejerc-02.csproj", "{F2B86956-0559-4515-ACF4-69C991DDA39B}"
EndProject
Global
	GlobalSection(SolutionConfigurationPlatforms) = preSolution
		Debug|Any CPU = Debug|Any CPU
		Release|Any CPU = Release|Any CPU
	EndGlobalSection
	GlobalSection(ProjectConfigurationPlatforms) = postSolution
		{F2B86956-0559-4515-ACF4-69C991DDA39B}.Debug|Any CPU.ActiveCfg = Debug|Any CPU
		{F2B86956-0559-4515-ACF4-69C991DDA39B}.Debug|Any CPU.Build.0 = Debug|Any CPU
		{F2B86956-0559-4515-ACF4-69C991DDA39B}.Release|Any CPU.ActiveCfg = Release|Any CPU
		{F2B86956-0559-4515-ACF4-69C991DDA39B}.Release|Any CPU.Build.0 = Release|Any CPU
	EndGlobalSection
	GlobalSection(SolutionProperties) = preSolution
		HideSolutionNode = FALSE
	EndGlobalSection
	GlobalSection(ExtensibilityGlobals) = postSolution
		SolutionGuid = {4C30C009-430C-4993-BCD9-F95DB265627B}
	EndGlobalSection
EndGlobal
