
Microsoft Visual Studio Solution File, Format Version 12.00
# Visual Studio Version 17
VisualStudioVersion = 17.11.35312.102
MinimumVisualStudioVersion = 10.0.40219.1
Project("{FAE04EC0-301F-11D3-BF4B-00C04F79EFBC}") = "Ejerc-09", "Ejerc-09\Ejerc-09.csproj", "{7A8B79F7-2F48-49FD-8A3E-D623C660D53A}"
EndProject
Global
	GlobalSection(SolutionConfigurationPlatforms) = preSolution
		Debug|Any CPU = Debug|Any CPU
		Release|Any CPU = Release|Any CPU
	EndGlobalSection
	GlobalSection(ProjectConfigurationPlatforms) = postSolution
		{7A8B79F7-2F48-49FD-8A3E-D623C660D53A}.Debug|Any CPU.ActiveCfg = Debug|Any CPU
		{7A8B79F7-2F48-49FD-8A3E-D623C660D53A}.Debug|Any CPU.Build.0 = Debug|Any CPU
		{7A8B79F7-2F48-49FD-8A3E-D623C660D53A}.Release|Any CPU.ActiveCfg = Release|Any CPU
		{7A8B79F7-2F48-49FD-8A3E-D623C660D53A}.Release|Any CPU.Build.0 = Release|Any CPU
	EndGlobalSection
	GlobalSection(SolutionProperties) = preSolution
		HideSolutionNode = FALSE
	EndGlobalSection
	GlobalSection(ExtensibilityGlobals) = postSolution
		SolutionGuid = {FAFB287A-7854-4F59-9612-1FD7149B1FAC}
	EndGlobalSection
EndGlobal
